Microsoft Visual Studio Solution File, Format Version 11.00
# Visual Studio 2008

Project("{01E11E37-827C-309B-5BD0-06D37194D151}") = "Titan-Mining", "Assembly-CSharp.csproj", "{21D145C6-8B21-CDE7-611B-8F0E1948C1AE}"
EndProject
Project("{01E11E37-827C-309B-5BD0-06D37194D151}") = "Titan-Mining", "Assembly-CSharp-Editor.csproj", "{1576EC29-16A9-9551-2B9C-B74F9E85766F}"
EndProject
Global
	GlobalSection(SolutionConfigurationPlatforms) = preSolution
		Debug|Any CPU = Debug|Any CPU
		Release|Any CPU = Release|Any CPU
	EndGlobalSection
	GlobalSection(ProjectConfigurationPlatforms) = postSolution
		{21D145C6-8B21-CDE7-611B-8F0E1948C1AE}.Debug|Any CPU.ActiveCfg = Debug|Any CPU
		{21D145C6-8B21-CDE7-611B-8F0E1948C1AE}.Debug|Any CPU.Build.0 = Debug|Any CPU
		{21D145C6-8B21-CDE7-611B-8F0E1948C1AE}.Release|Any CPU.ActiveCfg = Release|Any CPU
		{21D145C6-8B21-CDE7-611B-8F0E1948C1AE}.Release|Any CPU.Build.0 = Release|Any CPU
		{1576EC29-16A9-9551-2B9C-B74F9E85766F}.Debug|Any CPU.ActiveCfg = Debug|Any CPU
		{1576EC29-16A9-9551-2B9C-B74F9E85766F}.Debug|Any CPU.Build.0 = Debug|Any CPU
		{1576EC29-16A9-9551-2B9C-B74F9E85766F}.Release|Any CPU.ActiveCfg = Release|Any CPU
		{1576EC29-16A9-9551-2B9C-B74F9E85766F}.Release|Any CPU.Build.0 = Release|Any CPU
	EndGlobalSection
	GlobalSection(SolutionProperties) = preSolution
		HideSolutionNode = FALSE
	EndGlobalSection
	GlobalSection(MonoDevelopProperties) = preSolution
		StartupItem = Assembly-CSharp.csproj
	EndGlobalSection
EndGlobal
